// !$*UTF8*$!
{
	archiveVersion = 1;
	classes = {
	};
	objectVersion = 55;
	objects = {

/* Begin PBXBuildFile section */
		A029EA72289EC22A00ACFE73 /* VideoModel.swift in Sources */ = {isa = PBXBuildFile; fileRef = A029EA71289EC22A00ACFE73 /* VideoModel.swift */; };
		A029EA74289EC62000ACFE73 /* PlayListItemsModel.swift in Sources */ = {isa = PBXBuildFile; fileRef = A029EA73289EC62000ACFE73 /* PlayListItemsModel.swift */; };
		A029EA76289EC64D00ACFE73 /* ChannelModel.swift in Sources */ = {isa = PBXBuildFile; fileRef = A029EA75289EC64D00ACFE73 /* ChannelModel.swift */; };
		A029EA79289EF58900ACFE73 /* RootPageViewController.swift in Sources */ = {isa = PBXBuildFile; fileRef = A029EA78289EF58900ACFE73 /* RootPageViewController.swift */; };
		A029EA7B289EF59F00ACFE73 /* MainViewController.swift in Sources */ = {isa = PBXBuildFile; fileRef = A029EA7A289EF59F00ACFE73 /* MainViewController.swift */; };
		A029EA83289EF7AE00ACFE73 /* HomeViewController.swift in Sources */ = {isa = PBXBuildFile; fileRef = A029EA81289EF7AE00ACFE73 /* HomeViewController.swift */; };
		A029EA84289EF7AE00ACFE73 /* HomeViewController.xib in Resources */ = {isa = PBXBuildFile; fileRef = A029EA82289EF7AE00ACFE73 /* HomeViewController.xib */; };
		A029EA87289EF7C100ACFE73 /* VideosViewController.swift in Sources */ = {isa = PBXBuildFile; fileRef = A029EA85289EF7C100ACFE73 /* VideosViewController.swift */; };
		A029EA88289EF7C100ACFE73 /* VideosViewController.xib in Resources */ = {isa = PBXBuildFile; fileRef = A029EA86289EF7C100ACFE73 /* VideosViewController.xib */; };
		A029EA8B289EF7CF00ACFE73 /* PlaylistsViewController.swift in Sources */ = {isa = PBXBuildFile; fileRef = A029EA89289EF7CF00ACFE73 /* PlaylistsViewController.swift */; };
		A029EA8C289EF7CF00ACFE73 /* PlaylistsViewController.xib in Resources */ = {isa = PBXBuildFile; fileRef = A029EA8A289EF7CF00ACFE73 /* PlaylistsViewController.xib */; };
		A029EA8F289EF7DD00ACFE73 /* ChannelsViewController.swift in Sources */ = {isa = PBXBuildFile; fileRef = A029EA8D289EF7DD00ACFE73 /* ChannelsViewController.swift */; };
		A029EA90289EF7DD00ACFE73 /* ChannelsViewController.xib in Resources */ = {isa = PBXBuildFile; fileRef = A029EA8E289EF7DD00ACFE73 /* ChannelsViewController.xib */; };
		A029EA93289EF7EB00ACFE73 /* AboutViewController.swift in Sources */ = {isa = PBXBuildFile; fileRef = A029EA91289EF7EB00ACFE73 /* AboutViewController.swift */; };
		A029EA94289EF7EB00ACFE73 /* AboutViewController.xib in Resources */ = {isa = PBXBuildFile; fileRef = A029EA92289EF7EB00ACFE73 /* AboutViewController.xib */; };
		A0D45A26289E0B62002A6F7A /* AppDelegate.swift in Sources */ = {isa = PBXBuildFile; fileRef = A0D45A25289E0B62002A6F7A /* AppDelegate.swift */; };
		A0D45A28289E0B62002A6F7A /* SceneDelegate.swift in Sources */ = {isa = PBXBuildFile; fileRef = A0D45A27289E0B62002A6F7A /* SceneDelegate.swift */; };
		A0D45A2A289E0B62002A6F7A /* ViewController.swift in Sources */ = {isa = PBXBuildFile; fileRef = A0D45A29289E0B62002A6F7A /* ViewController.swift */; };
		A0D45A2D289E0B62002A6F7A /* Main.storyboard in Resources */ = {isa = PBXBuildFile; fileRef = A0D45A2B289E0B62002A6F7A /* Main.storyboard */; };
		A0D45A2F289E0B63002A6F7A /* Assets.xcassets in Resources */ = {isa = PBXBuildFile; fileRef = A0D45A2E289E0B63002A6F7A /* Assets.xcassets */; };
		A0D45A32289E0B63002A6F7A /* LaunchScreen.storyboard in Resources */ = {isa = PBXBuildFile; fileRef = A0D45A30289E0B63002A6F7A /* LaunchScreen.storyboard */; };
		A0D45A3B289E2A78002A6F7A /* PlaylistModel.swift in Sources */ = {isa = PBXBuildFile; fileRef = A0D45A3A289E2A78002A6F7A /* PlaylistModel.swift */; };
/* End PBXBuildFile section */

/* Begin PBXFileReference section */
		A029EA71289EC22A00ACFE73 /* VideoModel.swift */ = {isa = PBXFileReference; lastKnownFileType = sourcecode.swift; path = VideoModel.swift; sourceTree = "<group>"; };
		A029EA73289EC62000ACFE73 /* PlayListItemsModel.swift */ = {isa = PBXFileReference; lastKnownFileType = sourcecode.swift; path = PlayListItemsModel.swift; sourceTree = "<group>"; };
		A029EA75289EC64D00ACFE73 /* ChannelModel.swift */ = {isa = PBXFileReference; lastKnownFileType = sourcecode.swift; path = ChannelModel.swift; sourceTree = "<group>"; };
		A029EA78289EF58900ACFE73 /* RootPageViewController.swift */ = {isa = PBXFileReference; lastKnownFileType = sourcecode.swift; path = RootPageViewController.swift; sourceTree = "<group>"; };
		A029EA7A289EF59F00ACFE73 /* MainViewController.swift */ = {isa = PBXFileReference; lastKnownFileType = sourcecode.swift; path = MainViewController.swift; sourceTree = "<group>"; };
		A029EA81289EF7AE00ACFE73 /* HomeViewController.swift */ = {isa = PBXFileReference; lastKnownFileType = sourcecode.swift; path = HomeViewController.swift; sourceTree = "<group>"; };
		A029EA82289EF7AE00ACFE73 /* HomeViewController.xib */ = {isa = PBXFileReference; lastKnownFileType = file.xib; path = HomeViewController.xib; sourceTree = "<group>"; };
		A029EA85289EF7C100ACFE73 /* VideosViewController.swift */ = {isa = PBXFileReference; lastKnownFileType = sourcecode.swift; path = VideosViewController.swift; sourceTree = "<group>"; };
		A029EA86289EF7C100ACFE73 /* VideosViewController.xib */ = {isa = PBXFileReference; lastKnownFileType = file.xib; path = VideosViewController.xib; sourceTree = "<group>"; };
		A029EA89289EF7CF00ACFE73 /* PlaylistsViewController.swift */ = {isa = PBXFileReference; lastKnownFileType = sourcecode.swift; path = PlaylistsViewController.swift; sourceTree = "<group>"; };
		A029EA8A289EF7CF00ACFE73 /* PlaylistsViewController.xib */ = {isa = PBXFileReference; lastKnownFileType = file.xib; path = PlaylistsViewController.xib; sourceTree = "<group>"; };
		A029EA8D289EF7DD00ACFE73 /* ChannelsViewController.swift */ = {isa = PBXFileReference; lastKnownFileType = sourcecode.swift; path = ChannelsViewController.swift; sourceTree = "<group>"; };
		A029EA8E289EF7DD00ACFE73 /* ChannelsViewController.xib */ = {isa = PBXFileReference; lastKnownFileType = file.xib; path = ChannelsViewController.xib; sourceTree = "<group>"; };
		A029EA91289EF7EB00ACFE73 /* AboutViewController.swift */ = {isa = PBXFileReference; lastKnownFileType = sourcecode.swift; path = AboutViewController.swift; sourceTree = "<group>"; };
		A029EA92289EF7EB00ACFE73 /* AboutViewController.xib */ = {isa = PBXFileReference; lastKnownFileType = file.xib; path = AboutViewController.xib; sourceTree = "<group>"; };
		A0D45A22289E0B62002A6F7A /* YoutubeClone.app */ = {isa = PBXFileReference; explicitFileType = wrapper.application; includeInIndex = 0; path = YoutubeClone.app; sourceTree = BUILT_PRODUCTS_DIR; };
		A0D45A25289E0B62002A6F7A /* AppDelegate.swift */ = {isa = PBXFileReference; lastKnownFileType = sourcecode.swift; path = AppDelegate.swift; sourceTree = "<group>"; };
		A0D45A27289E0B62002A6F7A /* SceneDelegate.swift */ = {isa = PBXFileReference; lastKnownFileType = sourcecode.swift; path = SceneDelegate.swift; sourceTree = "<group>"; };
		A0D45A29289E0B62002A6F7A /* ViewController.swift */ = {isa = PBXFileReference; lastKnownFileType = sourcecode.swift; path = ViewController.swift; sourceTree = "<group>"; };
		A0D45A2C289E0B62002A6F7A /* Base */ = {isa = PBXFileReference; lastKnownFileType = file.storyboard; name = Base; path = Base.lproj/Main.storyboard; sourceTree = "<group>"; };
		A0D45A2E289E0B63002A6F7A /* Assets.xcassets */ = {isa = PBXFileReference; lastKnownFileType = folder.assetcatalog; path = Assets.xcassets; sourceTree = "<group>"; };
		A0D45A31289E0B63002A6F7A /* Base */ = {isa = PBXFileReference; lastKnownFileType = file.storyboard; name = Base; path = Base.lproj/LaunchScreen.storyboard; sourceTree = "<group>"; };
		A0D45A33289E0B63002A6F7A /* Info.plist */ = {isa = PBXFileReference; lastKnownFileType = text.plist.xml; path = Info.plist; sourceTree = "<group>"; };
		A0D45A3A289E2A78002A6F7A /* PlaylistModel.swift */ = {isa = PBXFileReference; lastKnownFileType = sourcecode.swift; path = PlaylistModel.swift; sourceTree = "<group>"; };
/* End PBXFileReference section */

/* Begin PBXFrameworksBuildPhase section */
		A0D45A1F289E0B62002A6F7A /* Frameworks */ = {
			isa = PBXFrameworksBuildPhase;
			buildActionMask = 2147483647;
			files = (
			);
			runOnlyForDeploymentPostprocessing = 0;
		};
/* End PBXFrameworksBuildPhase section */

/* Begin PBXGroup section */
		A029EA77289EF4FF00ACFE73 /* Main */ = {
			isa = PBXGroup;
			children = (
				A029EA78289EF58900ACFE73 /* RootPageViewController.swift */,
				A029EA7A289EF59F00ACFE73 /* MainViewController.swift */,
			);
			path = Main;
			sourceTree = "<group>";
		};
		A029EA7C289EF74F00ACFE73 /* Home */ = {
			isa = PBXGroup;
			children = (
				A029EA81289EF7AE00ACFE73 /* HomeViewController.swift */,
				A029EA82289EF7AE00ACFE73 /* HomeViewController.xib */,
			);
			path = Home;
			sourceTree = "<group>";
		};
		A029EA7D289EF76000ACFE73 /* Videos */ = {
			isa = PBXGroup;
			children = (
				A029EA85289EF7C100ACFE73 /* VideosViewController.swift */,
				A029EA86289EF7C100ACFE73 /* VideosViewController.xib */,
			);
			path = Videos;
			sourceTree = "<group>";
		};
		A029EA7E289EF77900ACFE73 /* About */ = {
			isa = PBXGroup;
			children = (
				A029EA91289EF7EB00ACFE73 /* AboutViewController.swift */,
				A029EA92289EF7EB00ACFE73 /* AboutViewController.xib */,
			);
			path = About;
			sourceTree = "<group>";
		};
		A029EA7F289EF78200ACFE73 /* Playlists */ = {
			isa = PBXGroup;
			children = (
				A029EA89289EF7CF00ACFE73 /* PlaylistsViewController.swift */,
				A029EA8A289EF7CF00ACFE73 /* PlaylistsViewController.xib */,
			);
			path = Playlists;
			sourceTree = "<group>";
		};
		A029EA80289EF78B00ACFE73 /* Channel */ = {
			isa = PBXGroup;
			children = (
				A029EA8D289EF7DD00ACFE73 /* ChannelsViewController.swift */,
				A029EA8E289EF7DD00ACFE73 /* ChannelsViewController.xib */,
			);
			path = Channel;
			sourceTree = "<group>";
		};
		A0D45A19289E0B62002A6F7A = {
			isa = PBXGroup;
			children = (
				A0D45A24289E0B62002A6F7A /* YoutubeClone */,
				A0D45A23289E0B62002A6F7A /* Products */,
			);
			sourceTree = "<group>";
		};
		A0D45A23289E0B62002A6F7A /* Products */ = {
			isa = PBXGroup;
			children = (
				A0D45A22289E0B62002A6F7A /* YoutubeClone.app */,
			);
			name = Products;
			sourceTree = "<group>";
		};
		A0D45A24289E0B62002A6F7A /* YoutubeClone */ = {
			isa = PBXGroup;
			children = (
				A029EA80289EF78B00ACFE73 /* Channel */,
				A029EA7F289EF78200ACFE73 /* Playlists */,
				A029EA7E289EF77900ACFE73 /* About */,
				A029EA7D289EF76000ACFE73 /* Videos */,
				A029EA7C289EF74F00ACFE73 /* Home */,
				A029EA77289EF4FF00ACFE73 /* Main */,
				A0D45A39289E2A41002A6F7A /* Model */,
				A0D45A25289E0B62002A6F7A /* AppDelegate.swift */,
				A0D45A27289E0B62002A6F7A /* SceneDelegate.swift */,
				A0D45A29289E0B62002A6F7A /* ViewController.swift */,
				A0D45A2B289E0B62002A6F7A /* Main.storyboard */,
				A0D45A2E289E0B63002A6F7A /* Assets.xcassets */,
				A0D45A30289E0B63002A6F7A /* LaunchScreen.storyboard */,
				A0D45A33289E0B63002A6F7A /* Info.plist */,
			);
			path = YoutubeClone;
			sourceTree = "<group>";
		};
		A0D45A39289E2A41002A6F7A /* Model */ = {
			isa = PBXGroup;
			children = (
				A0D45A3A289E2A78002A6F7A /* PlaylistModel.swift */,
				A029EA71289EC22A00ACFE73 /* VideoModel.swift */,
				A029EA73289EC62000ACFE73 /* PlayListItemsModel.swift */,
				A029EA75289EC64D00ACFE73 /* ChannelModel.swift */,
			);
			path = Model;
			sourceTree = "<group>";
		};
/* End PBXGroup section */

/* Begin PBXNativeTarget section */
		A0D45A21289E0B62002A6F7A /* YoutubeClone */ = {
			isa = PBXNativeTarget;
			buildConfigurationList = A0D45A36289E0B63002A6F7A /* Build configuration list for PBXNativeTarget "YoutubeClone" */;
			buildPhases = (
				A0D45A1E289E0B62002A6F7A /* Sources */,
				A0D45A1F289E0B62002A6F7A /* Frameworks */,
				A0D45A20289E0B62002A6F7A /* Resources */,
			);
			buildRules = (
			);
			dependencies = (
			);
			name = YoutubeClone;
			productName = YoutubeClone;
			productReference = A0D45A22289E0B62002A6F7A /* YoutubeClone.app */;
			productType = "com.apple.product-type.application";
		};
/* End PBXNativeTarget section */

/* Begin PBXProject section */
		A0D45A1A289E0B62002A6F7A /* Project object */ = {
			isa = PBXProject;
			attributes = {
				BuildIndependentTargetsInParallel = 1;
				LastSwiftUpdateCheck = 1340;
				LastUpgradeCheck = 1340;
				TargetAttributes = {
					A0D45A21289E0B62002A6F7A = {
						CreatedOnToolsVersion = 13.4.1;
					};
				};
			};
			buildConfigurationList = A0D45A1D289E0B62002A6F7A /* Build configuration list for PBXProject "YoutubeClone" */;
			compatibilityVersion = "Xcode 13.0";
			developmentRegion = en;
			hasScannedForEncodings = 0;
			knownRegions = (
				en,
				Base,
			);
			mainGroup = A0D45A19289E0B62002A6F7A;
			productRefGroup = A0D45A23289E0B62002A6F7A /* Products */;
			projectDirPath = "";
			projectRoot = "";
			targets = (
				A0D45A21289E0B62002A6F7A /* YoutubeClone */,
			);
		};
/* End PBXProject section */

/* Begin PBXResourcesBuildPhase section */
		A0D45A20289E0B62002A6F7A /* Resources */ = {
			isa = PBXResourcesBuildPhase;
			buildActionMask = 2147483647;
			files = (
				A029EA8C289EF7CF00ACFE73 /* PlaylistsViewController.xib in Resources */,
				A0D45A32289E0B63002A6F7A /* LaunchScreen.storyboard in Resources */,
				A029EA94289EF7EB00ACFE73 /* AboutViewController.xib in Resources */,
				A0D45A2F289E0B63002A6F7A /* Assets.xcassets in Resources */,
				A029EA88289EF7C100ACFE73 /* VideosViewController.xib in Resources */,
				A0D45A2D289E0B62002A6F7A /* Main.storyboard in Resources */,
				A029EA84289EF7AE00ACFE73 /* HomeViewController.xib in Resources */,
				A029EA90289EF7DD00ACFE73 /* ChannelsViewController.xib in Resources */,
			);
			runOnlyForDeploymentPostprocessing = 0;
		};
/* End PBXResourcesBuildPhase section */

/* Begin PBXSourcesBuildPhase section */
		A0D45A1E289E0B62002A6F7A /* Sources */ = {
			isa = PBXSourcesBuildPhase;
			buildActionMask = 2147483647;
			files = (
				A0D45A2A289E0B62002A6F7A /* ViewController.swift in Sources */,
				A0D45A3B289E2A78002A6F7A /* PlaylistModel.swift in Sources */,
				A029EA87289EF7C100ACFE73 /* VideosViewController.swift in Sources */,
				A029EA74289EC62000ACFE73 /* PlayListItemsModel.swift in Sources */,
				A029EA8B289EF7CF00ACFE73 /* PlaylistsViewController.swift in Sources */,
				A0D45A26289E0B62002A6F7A /* AppDelegate.swift in Sources */,
				A029EA72289EC22A00ACFE73 /* VideoModel.swift in Sources */,
				A029EA83289EF7AE00ACFE73 /* HomeViewController.swift in Sources */,
				A0D45A28289E0B62002A6F7A /* SceneDelegate.swift in Sources */,
				A029EA7B289EF59F00ACFE73 /* MainViewController.swift in Sources */,
				A029EA93289EF7EB00ACFE73 /* AboutViewController.swift in Sources */,
				A029EA8F289EF7DD00ACFE73 /* ChannelsViewController.swift in Sources */,
				A029EA76289EC64D00ACFE73 /* ChannelModel.swift in Sources */,
				A029EA79289EF58900ACFE73 /* RootPageViewController.swift in Sources */,
			);
			runOnlyForDeploymentPostprocessing = 0;
		};
/* End PBXSourcesBuildPhase section */

/* Begin PBXVariantGroup section */
		A0D45A2B289E0B62002A6F7A /* Main.storyboard */ = {
			isa = PBXVariantGroup;
			children = (
				A0D45A2C289E0B62002A6F7A /* Base */,
			);
			name = Main.storyboard;
			sourceTree = "<group>";
		};
		A0D45A30289E0B63002A6F7A /* LaunchScreen.storyboard */ = {
			isa = PBXVariantGroup;
			children = (
				A0D45A31289E0B63002A6F7A /* Base */,
			);
			name = LaunchScreen.storyboard;
			sourceTree = "<group>";
		};
/* End PBXVariantGroup section */

/* Begin XCBuildConfiguration section */
		A0D45A34289E0B63002A6F7A /* Debug */ = {
			isa = XCBuildConfiguration;
			buildSettings = {
				ALWAYS_SEARCH_USER_PATHS = NO;
				CLANG_ANALYZER_NONNULL = YES;
				CLANG_ANALYZER_NUMBER_OBJECT_CONVERSION = YES_AGGRESSIVE;
				CLANG_CXX_LANGUAGE_STANDARD = "gnu++17";
				CLANG_ENABLE_MODULES = YES;
				CLANG_ENABLE_OBJC_ARC = YES;
				CLANG_ENABLE_OBJC_WEAK = YES;
				CLANG_WARN_BLOCK_CAPTURE_AUTORELEASING = YES;
				CLANG_WARN_BOOL_CONVERSION = YES;
				CLANG_WARN_COMMA = YES;
				CLANG_WARN_CONSTANT_CONVERSION = YES;
				CLANG_WARN_DEPRECATED_OBJC_IMPLEMENTATIONS = YES;
				CLANG_WARN_DIRECT_OBJC_ISA_USAGE = YES_ERROR;
				CLANG_WARN_DOCUMENTATION_COMMENTS = YES;
				CLANG_WARN_EMPTY_BODY = YES;
				CLANG_WARN_ENUM_CONVERSION = YES;
				CLANG_WARN_INFINITE_RECURSION = YES;
				CLANG_WARN_INT_CONVERSION = YES;
				CLANG_WARN_NON_LITERAL_NULL_CONVERSION = YES;
				CLANG_WARN_OBJC_IMPLICIT_RETAIN_SELF = YES;
				CLANG_WARN_OBJC_LITERAL_CONVERSION = YES;
				CLANG_WARN_OBJC_ROOT_CLASS = YES_ERROR;
				CLANG_WARN_QUOTED_INCLUDE_IN_FRAMEWORK_HEADER = YES;
				CLANG_WARN_RANGE_LOOP_ANALYSIS = YES;
				CLANG_WARN_STRICT_PROTOTYPES = YES;
				CLANG_WARN_SUSPICIOUS_MOVE = YES;
				CLANG_WARN_UNGUARDED_AVAILABILITY = YES_AGGRESSIVE;
				CLANG_WARN_UNREACHABLE_CODE = YES;
				CLANG_WARN__DUPLICATE_METHOD_MATCH = YES;
				COPY_PHASE_STRIP = NO;
				DEBUG_INFORMATION_FORMAT = dwarf;
				ENABLE_STRICT_OBJC_MSGSEND = YES;
				ENABLE_TESTABILITY = YES;
				GCC_C_LANGUAGE_STANDARD = gnu11;
				GCC_DYNAMIC_NO_PIC = NO;
				GCC_NO_COMMON_BLOCKS = YES;
				GCC_OPTIMIZATION_LEVEL = 0;
				GCC_PREPROCESSOR_DEFINITIONS = (
					"DEBUG=1",
					"$(inherited)",
				);
				GCC_WARN_64_TO_32_BIT_CONVERSION = YES;
				GCC_WARN_ABOUT_RETURN_TYPE = YES_ERROR;
				GCC_WARN_UNDECLARED_SELECTOR = YES;
				GCC_WARN_UNINITIALIZED_AUTOS = YES_AGGRESSIVE;
				GCC_WARN_UNUSED_FUNCTION = YES;
				GCC_WARN_UNUSED_VARIABLE = YES;
				IPHONEOS_DEPLOYMENT_TARGET = 15.5;
				MTL_ENABLE_DEBUG_INFO = INCLUDE_SOURCE;
				MTL_FAST_MATH = YES;
				ONLY_ACTIVE_ARCH = YES;
				SDKROOT = iphoneos;
				SWIFT_ACTIVE_COMPILATION_CONDITIONS = DEBUG;
				SWIFT_OPTIMIZATION_LEVEL = "-Onone";
			};
			name = Debug;
		};
		A0D45A35289E0B63002A6F7A /* Release */ = {
			isa = XCBuildConfiguration;
			buildSettings = {
				ALWAYS_SEARCH_USER_PATHS = NO;
				CLANG_ANALYZER_NONNULL = YES;
				CLANG_ANALYZER_NUMBER_OBJECT_CONVERSION = YES_AGGRESSIVE;
				CLANG_CXX_LANGUAGE_STANDARD = "gnu++17";
				CLANG_ENABLE_MODULES = YES;
				CLANG_ENABLE_OBJC_ARC = YES;
				CLANG_ENABLE_OBJC_WEAK = YES;
				CLANG_WARN_BLOCK_CAPTURE_AUTORELEASING = YES;
				CLANG_WARN_BOOL_CONVERSION = YES;
				CLANG_WARN_COMMA = YES;
				CLANG_WARN_CONSTANT_CONVERSION = YES;
				CLANG_WARN_DEPRECATED_OBJC_IMPLEMENTATIONS = YES;
				CLANG_WARN_DIRECT_OBJC_ISA_USAGE = YES_ERROR;
				CLANG_WARN_DOCUMENTATION_COMMENTS = YES;
				CLANG_WARN_EMPTY_BODY = YES;
				CLANG_WARN_ENUM_CONVERSION = YES;
				CLANG_WARN_INFINITE_RECURSION = YES;
				CLANG_WARN_INT_CONVERSION = YES;
				CLANG_WARN_NON_LITERAL_NULL_CONVERSION = YES;
				CLANG_WARN_OBJC_IMPLICIT_RETAIN_SELF = YES;
				CLANG_WARN_OBJC_LITERAL_CONVERSION = YES;
				CLANG_WARN_OBJC_ROOT_CLASS = YES_ERROR;
				CLANG_WARN_QUOTED_INCLUDE_IN_FRAMEWORK_HEADER = YES;
				CLANG_WARN_RANGE_LOOP_ANALYSIS = YES;
				CLANG_WARN_STRICT_PROTOTYPES = YES;
				CLANG_WARN_SUSPICIOUS_MOVE = YES;
				CLANG_WARN_UNGUARDED_AVAILABILITY = YES_AGGRESSIVE;
				CLANG_WARN_UNREACHABLE_CODE = YES;
				CLANG_WARN__DUPLICATE_METHOD_MATCH = YES;
				COPY_PHASE_STRIP = NO;
				DEBUG_INFORMATION_FORMAT = "dwarf-with-dsym";
				ENABLE_NS_ASSERTIONS = NO;
				ENABLE_STRICT_OBJC_MSGSEND = YES;
				GCC_C_LANGUAGE_STANDARD = gnu11;
				GCC_NO_COMMON_BLOCKS = YES;
				GCC_WARN_64_TO_32_BIT_CONVERSION = YES;
				GCC_WARN_ABOUT_RETURN_TYPE = YES_ERROR;
				GCC_WARN_UNDECLARED_SELECTOR = YES;
				GCC_WARN_UNINITIALIZED_AUTOS = YES_AGGRESSIVE;
				GCC_WARN_UNUSED_FUNCTION = YES;
				GCC_WARN_UNUSED_VARIABLE = YES;
				IPHONEOS_DEPLOYMENT_TARGET = 15.5;
				MTL_ENABLE_DEBUG_INFO = NO;
				MTL_FAST_MATH = YES;
				SDKROOT = iphoneos;
				SWIFT_COMPILATION_MODE = wholemodule;
				SWIFT_OPTIMIZATION_LEVEL = "-O";
				VALIDATE_PRODUCT = YES;
			};
			name = Release;
		};
		A0D45A37289E0B63002A6F7A /* Debug */ = {
			isa = XCBuildConfiguration;
			buildSettings = {
				ASSETCATALOG_COMPILER_APPICON_NAME = AppIcon;
				ASSETCATALOG_COMPILER_GLOBAL_ACCENT_COLOR_NAME = AccentColor;
				CODE_SIGN_STYLE = Automatic;
				CURRENT_PROJECT_VERSION = 1;
				DEVELOPMENT_TEAM = J9VQ2XFRD5;
				GENERATE_INFOPLIST_FILE = YES;
				INFOPLIST_FILE = YoutubeClone/Info.plist;
				INFOPLIST_KEY_UIApplicationSupportsIndirectInputEvents = YES;
				INFOPLIST_KEY_UILaunchStoryboardName = LaunchScreen;
				INFOPLIST_KEY_UIMainStoryboardFile = Main;
				INFOPLIST_KEY_UISupportedInterfaceOrientations_iPad = "UIInterfaceOrientationPortrait UIInterfaceOrientationPortraitUpsideDown UIInterfaceOrientationLandscapeLeft UIInterfaceOrientationLandscapeRight";
				INFOPLIST_KEY_UISupportedInterfaceOrientations_iPhone = "UIInterfaceOrientationPortrait UIInterfaceOrientationLandscapeLeft UIInterfaceOrientationLandscapeRight";
				LD_RUNPATH_SEARCH_PATHS = (
					"$(inherited)",
					"@executable_path/Frameworks",
				);
				MARKETING_VERSION = 1.0;
				PRODUCT_BUNDLE_IDENTIFIER = com.LuisCarrilloP.YoutubeClone;
				PRODUCT_NAME = "$(TARGET_NAME)";
				SWIFT_EMIT_LOC_STRINGS = YES;
				SWIFT_VERSION = 5.0;
				TARGETED_DEVICE_FAMILY = "1,2";
			};
			name = Debug;
		};
		A0D45A38289E0B63002A6F7A /* Release */ = {
			isa = XCBuildConfiguration;
			buildSettings = {
				ASSETCATALOG_COMPILER_APPICON_NAME = AppIcon;
				ASSETCATALOG_COMPILER_GLOBAL_ACCENT_COLOR_NAME = AccentColor;
				CODE_SIGN_STYLE = Automatic;
				CURRENT_PROJECT_VERSION = 1;
				DEVELOPMENT_TEAM = J9VQ2XFRD5;
				GENERATE_INFOPLIST_FILE = YES;
				INFOPLIST_FILE = YoutubeClone/Info.plist;
				INFOPLIST_KEY_UIApplicationSupportsIndirectInputEvents = YES;
				INFOPLIST_KEY_UILaunchStoryboardName = LaunchScreen;
				INFOPLIST_KEY_UIMainStoryboardFile = Main;
				INFOPLIST_KEY_UISupportedInterfaceOrientations_iPad = "UIInterfaceOrientationPortrait UIInterfaceOrientationPortraitUpsideDown UIInterfaceOrientationLandscapeLeft UIInterfaceOrientationLandscapeRight";
				INFOPLIST_KEY_UISupportedInterfaceOrientations_iPhone = "UIInterfaceOrientationPortrait UIInterfaceOrientationLandscapeLeft UIInterfaceOrientationLandscapeRight";
				LD_RUNPATH_SEARCH_PATHS = (
					"$(inherited)",
					"@executable_path/Frameworks",
				);
				MARKETING_VERSION = 1.0;
				PRODUCT_BUNDLE_IDENTIFIER = com.LuisCarrilloP.YoutubeClone;
				PRODUCT_NAME = "$(TARGET_NAME)";
				SWIFT_EMIT_LOC_STRINGS = YES;
				SWIFT_VERSION = 5.0;
				TARGETED_DEVICE_FAMILY = "1,2";
			};
			name = Release;
		};
/* End XCBuildConfiguration section */

/* Begin XCConfigurationList section */
		A0D45A1D289E0B62002A6F7A /* Build configuration list for PBXProject "YoutubeClone" */ = {
			isa = XCConfigurationList;
			buildConfigurations = (
				A0D45A34289E0B63002A6F7A /* Debug */,
				A0D45A35289E0B63002A6F7A /* Release */,
			);
			defaultConfigurationIsVisible = 0;
			defaultConfigurationName = Release;
		};
		A0D45A36289E0B63002A6F7A /* Build configuration list for PBXNativeTarget "YoutubeClone" */ = {
			isa = XCConfigurationList;
			buildConfigurations = (
				A0D45A37289E0B63002A6F7A /* Debug */,
				A0D45A38289E0B63002A6F7A /* Release */,
			);
			defaultConfigurationIsVisible = 0;
			defaultConfigurationName = Release;
		};
/* End XCConfigurationList section */
	};
	rootObject = A0D45A1A289E0B62002A6F7A /* Project object */;
}
